
Microsoft Visual Studio Solution File, Format Version 12.00
# Visual Studio Version 17
VisualStudioVersion = 17.0.31912.275
MinimumVisualStudioVersion = 10.0.40219.1
Project("{FAE04EC0-301F-11D3-BF4B-00C04F79EFBC}") = "QM", "QM\QM.csproj", "{5CD322D2-53B2-4D59-A85B-8384CBD1C70C}"
EndProject
Global
	GlobalSection(SolutionConfigurationPlatforms) = preSolution
		Debug|Any CPU = Debug|Any CPU
		Release|Any CPU = Release|Any CPU
	EndGlobalSection
	GlobalSection(ProjectConfigurationPlatforms) = postSolution
		{5CD322D2-53B2-4D59-A85B-8384CBD1C70C}.Debug|Any CPU.ActiveCfg = Debug|Any CPU
		{5CD322D2-53B2-4D59-A85B-8384CBD1C70C}.Debug|Any CPU.Build.0 = Debug|Any CPU
		{5CD322D2-53B2-4D59-A85B-8384CBD1C70C}.Release|Any CPU.ActiveCfg = Release|Any CPU
		{5CD322D2-53B2-4D59-A85B-8384CBD1C70C}.Release|Any CPU.Build.0 = Release|Any CPU
	EndGlobalSection
	GlobalSection(SolutionProperties) = preSolution
		HideSolutionNode = FALSE
	EndGlobalSection
	GlobalSection(ExtensibilityGlobals) = postSolution
		SolutionGuid = {C0D8A4B4-3649-4C07-9675-AF96A6750E96}
	EndGlobalSection
EndGlobal
